{
  "name": "Joyas-MyPreciousSpa",
  "lockfileVersion": 3,
  "requires": true,
  "packages": {
    "": {
      "dependencies": {
        "pg-format": "^1.0.4"
      }
    },
    "node_modules/pg-format": {
      "version": "1.0.4",
      "resolved": "https://registry.npmjs.org/pg-format/-/pg-format-1.0.4.tgz",
      "integrity": "sha512-YyKEF78pEA6wwTAqOUaHIN/rWpfzzIuMh9KdAhc3rSLQ/7zkRFcCgYBAEGatDstLyZw4g0s9SNICmaTGnBVeyw==",
      "license": "MIT",
      "engines": {
        "node": ">=4.0"
      }
    }
  }
}
